
Microsoft Visual Studio Solution File, Format Version 12.00
# Visual Studio Version 17
VisualStudioVersion = 17.5.002.0
MinimumVisualStudioVersion = 10.0.40219.1
Project("{9A19103F-16F7-4668-BE54-9A1E7A4F7556}") = "StudentMVC", "StudentMVC.csproj", "{7A61AAEF-5B95-42C3-9CA5-E054FB7D6DC2}"
EndProject
Global
	GlobalSection(SolutionConfigurationPlatforms) = preSolution
		Debug|Any CPU = Debug|Any CPU
		Release|Any CPU = Release|Any CPU
	EndGlobalSection
	GlobalSection(ProjectConfigurationPlatforms) = postSolution
		{7A61AAEF-5B95-42C3-9CA5-E054FB7D6DC2}.Debug|Any CPU.ActiveCfg = Debug|Any CPU
		{7A61AAEF-5B95-42C3-9CA5-E054FB7D6DC2}.Debug|Any CPU.Build.0 = Debug|Any CPU
		{7A61AAEF-5B95-42C3-9CA5-E054FB7D6DC2}.Release|Any CPU.ActiveCfg = Release|Any CPU
		{7A61AAEF-5B95-42C3-9CA5-E054FB7D6DC2}.Release|Any CPU.Build.0 = Release|Any CPU
	EndGlobalSection
	GlobalSection(SolutionProperties) = preSolution
		HideSolutionNode = FALSE
	EndGlobalSection
	GlobalSection(ExtensibilityGlobals) = postSolution
		SolutionGuid = {B2A7ADD0-420B-4655-BDC7-56A8D6B27067}
	EndGlobalSection
EndGlobal
